
Microsoft Visual Studio Solution File, Format Version 12.00
# Visual Studio Version 16
VisualStudioVersion = 16.0.32106.194
MinimumVisualStudioVersion = 10.0.40219.1
Project("{FAE04EC0-301F-11D3-BF4B-00C04F79EFBC}") = "CinemaVendas.Core", "CinemaVendas.Core\CinemaVendas.Core.csproj", "{E1698509-94F8-4426-8361-971B2AA6447B}"
EndProject
Project("{FAE04EC0-301F-11D3-BF4B-00C04F79EFBC}") = "Api.CinemaVendas", "Api.CinemaVendas\Api.CinemaVendas.csproj", "{29E2FCD2-085D-419D-AD87-B3A866AD57BF}"
EndProject
Global
	GlobalSection(SolutionConfigurationPlatforms) = preSolution
		Debug|Any CPU = Debug|Any CPU
		Release|Any CPU = Release|Any CPU
	EndGlobalSection
	GlobalSection(ProjectConfigurationPlatforms) = postSolution
		{E1698509-94F8-4426-8361-971B2AA6447B}.Debug|Any CPU.ActiveCfg = Debug|Any CPU
		{E1698509-94F8-4426-8361-971B2AA6447B}.Debug|Any CPU.Build.0 = Debug|Any CPU
		{E1698509-94F8-4426-8361-971B2AA6447B}.Release|Any CPU.ActiveCfg = Release|Any CPU
		{E1698509-94F8-4426-8361-971B2AA6447B}.Release|Any CPU.Build.0 = Release|Any CPU
		{29E2FCD2-085D-419D-AD87-B3A866AD57BF}.Debug|Any CPU.ActiveCfg = Debug|Any CPU
		{29E2FCD2-085D-419D-AD87-B3A866AD57BF}.Debug|Any CPU.Build.0 = Debug|Any CPU
		{29E2FCD2-085D-419D-AD87-B3A866AD57BF}.Release|Any CPU.ActiveCfg = Release|Any CPU
		{29E2FCD2-085D-419D-AD87-B3A866AD57BF}.Release|Any CPU.Build.0 = Release|Any CPU
	EndGlobalSection
	GlobalSection(SolutionProperties) = preSolution
		HideSolutionNode = FALSE
	EndGlobalSection
	GlobalSection(ExtensibilityGlobals) = postSolution
		SolutionGuid = {F78D8789-4F8C-4A0E-9D6A-65259ADAED04}
	EndGlobalSection
EndGlobal
